
Microsoft Visual Studio Solution File, Format Version 12.00
# Visual Studio Version 16
VisualStudioVersion = 16.0.29009.5
MinimumVisualStudioVersion = 10.0.40219.1
Project("{FAE04EC0-301F-11D3-BF4B-00C04F79EFBC}") = "tiposdinamicos", "tiposdinamicos.csproj", "{F209A732-CF00-4424-BAE0-001F09BEFEDA}"
EndProject
Global
	GlobalSection(SolutionConfigurationPlatforms) = preSolution
		Debug|Any CPU = Debug|Any CPU
		Release|Any CPU = Release|Any CPU
	EndGlobalSection
	GlobalSection(ProjectConfigurationPlatforms) = postSolution
		{F209A732-CF00-4424-BAE0-001F09BEFEDA}.Debug|Any CPU.ActiveCfg = Debug|Any CPU
		{F209A732-CF00-4424-BAE0-001F09BEFEDA}.Debug|Any CPU.Build.0 = Debug|Any CPU
		{F209A732-CF00-4424-BAE0-001F09BEFEDA}.Release|Any CPU.ActiveCfg = Release|Any CPU
		{F209A732-CF00-4424-BAE0-001F09BEFEDA}.Release|Any CPU.Build.0 = Release|Any CPU
	EndGlobalSection
	GlobalSection(SolutionProperties) = preSolution
		HideSolutionNode = FALSE
	EndGlobalSection
	GlobalSection(ExtensibilityGlobals) = postSolution
		SolutionGuid = {DE3A5EF2-4C5B-4F26-BC0B-E0C2714383EB}
	EndGlobalSection
EndGlobal
