
Microsoft Visual Studio Solution File, Format Version 12.00
# Visual Studio Version 16
VisualStudioVersion = 16.0.29009.5
MinimumVisualStudioVersion = 10.0.40219.1
Project("{FAE04EC0-301F-11D3-BF4B-00C04F79EFBC}") = "ensamblados", "ensamblados.csproj", "{4E95709F-D3C5-4241-9F9C-15F4916B23E7}"
EndProject
Project("{FAE04EC0-301F-11D3-BF4B-00C04F79EFBC}") = "logica", "..\logica\logica.csproj", "{0A161CF0-265E-4A39-B5A3-3C8C6FBECA6C}"
EndProject
Global
	GlobalSection(SolutionConfigurationPlatforms) = preSolution
		Debug|Any CPU = Debug|Any CPU
		Release|Any CPU = Release|Any CPU
	EndGlobalSection
	GlobalSection(ProjectConfigurationPlatforms) = postSolution
		{4E95709F-D3C5-4241-9F9C-15F4916B23E7}.Debug|Any CPU.ActiveCfg = Debug|Any CPU
		{4E95709F-D3C5-4241-9F9C-15F4916B23E7}.Debug|Any CPU.Build.0 = Debug|Any CPU
		{4E95709F-D3C5-4241-9F9C-15F4916B23E7}.Release|Any CPU.ActiveCfg = Release|Any CPU
		{4E95709F-D3C5-4241-9F9C-15F4916B23E7}.Release|Any CPU.Build.0 = Release|Any CPU
		{0A161CF0-265E-4A39-B5A3-3C8C6FBECA6C}.Debug|Any CPU.ActiveCfg = Debug|Any CPU
		{0A161CF0-265E-4A39-B5A3-3C8C6FBECA6C}.Debug|Any CPU.Build.0 = Debug|Any CPU
		{0A161CF0-265E-4A39-B5A3-3C8C6FBECA6C}.Release|Any CPU.ActiveCfg = Release|Any CPU
		{0A161CF0-265E-4A39-B5A3-3C8C6FBECA6C}.Release|Any CPU.Build.0 = Release|Any CPU
	EndGlobalSection
	GlobalSection(SolutionProperties) = preSolution
		HideSolutionNode = FALSE
	EndGlobalSection
	GlobalSection(ExtensibilityGlobals) = postSolution
		SolutionGuid = {2F464E63-3956-4826-AB05-7E575D102504}
	EndGlobalSection
EndGlobal
