
Microsoft Visual Studio Solution File, Format Version 12.00
# Visual Studio Version 16
VisualStudioVersion = 16.0.29009.5
MinimumVisualStudioVersion = 10.0.40219.1
Project("{FAE04EC0-301F-11D3-BF4B-00C04F79EFBC}") = "idisposable", "idisposable.csproj", "{FAD224D6-1C23-4F11-85A0-CA6ED8B95051}"
EndProject
Global
	GlobalSection(SolutionConfigurationPlatforms) = preSolution
		Debug|Any CPU = Debug|Any CPU
		Release|Any CPU = Release|Any CPU
	EndGlobalSection
	GlobalSection(ProjectConfigurationPlatforms) = postSolution
		{FAD224D6-1C23-4F11-85A0-CA6ED8B95051}.Debug|Any CPU.ActiveCfg = Debug|Any CPU
		{FAD224D6-1C23-4F11-85A0-CA6ED8B95051}.Debug|Any CPU.Build.0 = Debug|Any CPU
		{FAD224D6-1C23-4F11-85A0-CA6ED8B95051}.Release|Any CPU.ActiveCfg = Release|Any CPU
		{FAD224D6-1C23-4F11-85A0-CA6ED8B95051}.Release|Any CPU.Build.0 = Release|Any CPU
	EndGlobalSection
	GlobalSection(SolutionProperties) = preSolution
		HideSolutionNode = FALSE
	EndGlobalSection
	GlobalSection(ExtensibilityGlobals) = postSolution
		SolutionGuid = {6775E00F-C013-43A7-B25C-1FE5C745AF82}
	EndGlobalSection
EndGlobal
