
Microsoft Visual Studio Solution File, Format Version 12.00
# Visual Studio Version 16
VisualStudioVersion = 16.0.29009.5
MinimumVisualStudioVersion = 10.0.40219.1
Project("{FAE04EC0-301F-11D3-BF4B-00C04F79EFBC}") = "creacioncodigo", "creacioncodigo.csproj", "{0ECC7FAE-E6C8-4AF7-905A-0A89D726DCA6}"
EndProject
Global
	GlobalSection(SolutionConfigurationPlatforms) = preSolution
		Debug|Any CPU = Debug|Any CPU
		Release|Any CPU = Release|Any CPU
	EndGlobalSection
	GlobalSection(ProjectConfigurationPlatforms) = postSolution
		{0ECC7FAE-E6C8-4AF7-905A-0A89D726DCA6}.Debug|Any CPU.ActiveCfg = Debug|Any CPU
		{0ECC7FAE-E6C8-4AF7-905A-0A89D726DCA6}.Debug|Any CPU.Build.0 = Debug|Any CPU
		{0ECC7FAE-E6C8-4AF7-905A-0A89D726DCA6}.Release|Any CPU.ActiveCfg = Release|Any CPU
		{0ECC7FAE-E6C8-4AF7-905A-0A89D726DCA6}.Release|Any CPU.Build.0 = Release|Any CPU
	EndGlobalSection
	GlobalSection(SolutionProperties) = preSolution
		HideSolutionNode = FALSE
	EndGlobalSection
	GlobalSection(ExtensibilityGlobals) = postSolution
		SolutionGuid = {8B8CCC85-4C4D-42C2-B9DD-CDB29CBD0C62}
	EndGlobalSection
EndGlobal
