
Microsoft Visual Studio Solution File, Format Version 12.00
# Visual Studio Version 16
VisualStudioVersion = 16.0.29009.5
MinimumVisualStudioVersion = 10.0.40219.1
Project("{FAE04EC0-301F-11D3-BF4B-00C04F79EFBC}") = "cargadinamicaensamblados", "cargadinamicaensamblados.csproj", "{C3BCCDFB-4AD1-4C5B-A8A4-B8395996D022}"
EndProject
Global
	GlobalSection(SolutionConfigurationPlatforms) = preSolution
		Debug|Any CPU = Debug|Any CPU
		Release|Any CPU = Release|Any CPU
	EndGlobalSection
	GlobalSection(ProjectConfigurationPlatforms) = postSolution
		{C3BCCDFB-4AD1-4C5B-A8A4-B8395996D022}.Debug|Any CPU.ActiveCfg = Debug|Any CPU
		{C3BCCDFB-4AD1-4C5B-A8A4-B8395996D022}.Debug|Any CPU.Build.0 = Debug|Any CPU
		{C3BCCDFB-4AD1-4C5B-A8A4-B8395996D022}.Release|Any CPU.ActiveCfg = Release|Any CPU
		{C3BCCDFB-4AD1-4C5B-A8A4-B8395996D022}.Release|Any CPU.Build.0 = Release|Any CPU
	EndGlobalSection
	GlobalSection(SolutionProperties) = preSolution
		HideSolutionNode = FALSE
	EndGlobalSection
	GlobalSection(ExtensibilityGlobals) = postSolution
		SolutionGuid = {3FEDBF4F-1E83-4B5D-A14B-CBCDAF3CEE42}
	EndGlobalSection
EndGlobal
