
Microsoft Visual Studio Solution File, Format Version 12.00
# Visual Studio Version 16
VisualStudioVersion = 16.0.29009.5
MinimumVisualStudioVersion = 10.0.40219.1
Project("{FAE04EC0-301F-11D3-BF4B-00C04F79EFBC}") = "modeloaplicacion", "modeloaplicacion.csproj", "{DACE00DA-DDA7-4711-B98B-EDBA56AFFD30}"
EndProject
Global
	GlobalSection(SolutionConfigurationPlatforms) = preSolution
		Debug|Any CPU = Debug|Any CPU
		Release|Any CPU = Release|Any CPU
	EndGlobalSection
	GlobalSection(ProjectConfigurationPlatforms) = postSolution
		{DACE00DA-DDA7-4711-B98B-EDBA56AFFD30}.Debug|Any CPU.ActiveCfg = Debug|Any CPU
		{DACE00DA-DDA7-4711-B98B-EDBA56AFFD30}.Debug|Any CPU.Build.0 = Debug|Any CPU
		{DACE00DA-DDA7-4711-B98B-EDBA56AFFD30}.Release|Any CPU.ActiveCfg = Release|Any CPU
		{DACE00DA-DDA7-4711-B98B-EDBA56AFFD30}.Release|Any CPU.Build.0 = Release|Any CPU
	EndGlobalSection
	GlobalSection(SolutionProperties) = preSolution
		HideSolutionNode = FALSE
	EndGlobalSection
	GlobalSection(ExtensibilityGlobals) = postSolution
		SolutionGuid = {0B191535-E9D4-4E37-891A-D63E9B4DA71A}
	EndGlobalSection
EndGlobal
